// !$*UTF8*$!
{
	archiveVersion = 1;
	classes = {
	};
	objectVersion = 50;
	objects = {

/* Begin PBXBuildFile section */
		598DE688249D627C00B8ADB8 /* AppDelegate.swift in Sources */ = {isa = PBXBuildFile; fileRef = 598DE687249D627C00B8ADB8 /* AppDelegate.swift */; };
		598DE68A249D627C00B8ADB8 /* SceneDelegate.swift in Sources */ = {isa = PBXBuildFile; fileRef = 598DE689249D627C00B8ADB8 /* SceneDelegate.swift */; };
		598DE68C249D627C00B8ADB8 /* ViewController.swift in Sources */ = {isa = PBXBuildFile; fileRef = 598DE68B249D627C00B8ADB8 /* ViewController.swift */; };
		598DE68F249D627C00B8ADB8 /* Main.storyboard in Resources */ = {isa = PBXBuildFile; fileRef = 598DE68D249D627C00B8ADB8 /* Main.storyboard */; };
		598DE691249D628200B8ADB8 /* Assets.xcassets in Resources */ = {isa = PBXBuildFile; fileRef = 598DE690249D628200B8ADB8 /* Assets.xcassets */; };
		598DE694249D628200B8ADB8 /* LaunchScreen.storyboard in Resources */ = {isa = PBXBuildFile; fileRef = 598DE692249D628200B8ADB8 /* LaunchScreen.storyboard */; };
		59D94428249EAC9C00E09EF7 /* Hackathon.png in Resources */ = {isa = PBXBuildFile; fileRef = 59D94427249EAC9C00E09EF7 /* Hackathon.png */; };
		59D9442A249EB37C00E09EF7 /* Hack.png in Resources */ = {isa = PBXBuildFile; fileRef = 59D94429249EB37C00E09EF7 /* Hack.png */; };
		59D9442C249EB3FA00E09EF7 /* Hack 2.png in Resources */ = {isa = PBXBuildFile; fileRef = 59D9442B249EB3FA00E09EF7 /* Hack 2.png */; };
/* End PBXBuildFile section */

/* Begin PBXFileReference section */
		598DE684249D627C00B8ADB8 /* DefHacksHackathon.app */ = {isa = PBXFileReference; explicitFileType = wrapper.application; includeInIndex = 0; path = DefHacksHackathon.app; sourceTree = BUILT_PRODUCTS_DIR; };
		598DE687249D627C00B8ADB8 /* AppDelegate.swift */ = {isa = PBXFileReference; lastKnownFileType = sourcecode.swift; path = AppDelegate.swift; sourceTree = "<group>"; };
		598DE689249D627C00B8ADB8 /* SceneDelegate.swift */ = {isa = PBXFileReference; lastKnownFileType = sourcecode.swift; path = SceneDelegate.swift; sourceTree = "<group>"; };
		598DE68B249D627C00B8ADB8 /* ViewController.swift */ = {isa = PBXFileReference; lastKnownFileType = sourcecode.swift; path = ViewController.swift; sourceTree = "<group>"; };
		598DE68E249D627C00B8ADB8 /* Base */ = {isa = PBXFileReference; lastKnownFileType = file.storyboard; name = Base; path = Base.lproj/Main.storyboard; sourceTree = "<group>"; };
		598DE690249D628200B8ADB8 /* Assets.xcassets */ = {isa = PBXFileReference; lastKnownFileType = folder.assetcatalog; path = Assets.xcassets; sourceTree = "<group>"; };
		598DE693249D628200B8ADB8 /* Base */ = {isa = PBXFileReference; lastKnownFileType = file.storyboard; name = Base; path = Base.lproj/LaunchScreen.storyboard; sourceTree = "<group>"; };
		598DE695249D628200B8ADB8 /* Info.plist */ = {isa = PBXFileReference; lastKnownFileType = text.plist.xml; path = Info.plist; sourceTree = "<group>"; };
		59D94427249EAC9C00E09EF7 /* Hackathon.png */ = {isa = PBXFileReference; lastKnownFileType = image.png; name = Hackathon.png; path = ../../../Hackathon.png; sourceTree = "<group>"; };
		59D94429249EB37C00E09EF7 /* Hack.png */ = {isa = PBXFileReference; lastKnownFileType = image.png; name = Hack.png; path = ../../../Hack.png; sourceTree = "<group>"; };
		59D9442B249EB3FA00E09EF7 /* Hack 2.png */ = {isa = PBXFileReference; lastKnownFileType = image.png; name = "Hack 2.png"; path = "../../../Hack 2.png"; sourceTree = "<group>"; };
/* End PBXFileReference section */

/* Begin PBXFrameworksBuildPhase section */
		598DE681249D627C00B8ADB8 /* Frameworks */ = {
			isa = PBXFrameworksBuildPhase;
			buildActionMask = 2147483647;
			files = (
			);
			runOnlyForDeploymentPostprocessing = 0;
		};
/* End PBXFrameworksBuildPhase section */

/* Begin PBXGroup section */
		598DE67B249D627C00B8ADB8 = {
			isa = PBXGroup;
			children = (
				598DE686249D627C00B8ADB8 /* DefHacksHackathon */,
				598DE685249D627C00B8ADB8 /* Products */,
			);
			sourceTree = "<group>";
		};
		598DE685249D627C00B8ADB8 /* Products */ = {
			isa = PBXGroup;
			children = (
				598DE684249D627C00B8ADB8 /* DefHacksHackathon.app */,
			);
			name = Products;
			sourceTree = "<group>";
		};
		598DE686249D627C00B8ADB8 /* DefHacksHackathon */ = {
			isa = PBXGroup;
			children = (
				598DE687249D627C00B8ADB8 /* AppDelegate.swift */,
				598DE689249D627C00B8ADB8 /* SceneDelegate.swift */,
				598DE68B249D627C00B8ADB8 /* ViewController.swift */,
				598DE68D249D627C00B8ADB8 /* Main.storyboard */,
				598DE690249D628200B8ADB8 /* Assets.xcassets */,
				598DE692249D628200B8ADB8 /* LaunchScreen.storyboard */,
				59D9442B249EB3FA00E09EF7 /* Hack 2.png */,
				59D94429249EB37C00E09EF7 /* Hack.png */,
				59D94427249EAC9C00E09EF7 /* Hackathon.png */,
				598DE695249D628200B8ADB8 /* Info.plist */,
			);
			path = DefHacksHackathon;
			sourceTree = "<group>";
		};
/* End PBXGroup section */

/* Begin PBXNativeTarget section */
		598DE683249D627C00B8ADB8 /* DefHacksHackathon */ = {
			isa = PBXNativeTarget;
			buildConfigurationList = 598DE698249D628200B8ADB8 /* Build configuration list for PBXNativeTarget "DefHacksHackathon" */;
			buildPhases = (
				598DE680249D627C00B8ADB8 /* Sources */,
				598DE681249D627C00B8ADB8 /* Frameworks */,
				598DE682249D627C00B8ADB8 /* Resources */,
			);
			buildRules = (
			);
			dependencies = (
			);
			name = DefHacksHackathon;
			productName = DefHacksHackathon;
			productReference = 598DE684249D627C00B8ADB8 /* DefHacksHackathon.app */;
			productType = "com.apple.product-type.application";
		};
/* End PBXNativeTarget section */

/* Begin PBXProject section */
		598DE67C249D627C00B8ADB8 /* Project object */ = {
			isa = PBXProject;
			attributes = {
				LastSwiftUpdateCheck = 1150;
				LastUpgradeCheck = 1150;
				ORGANIZATIONNAME = "Rahul Rao";
				TargetAttributes = {
					598DE683249D627C00B8ADB8 = {
						CreatedOnToolsVersion = 11.5;
					};
				};
			};
			buildConfigurationList = 598DE67F249D627C00B8ADB8 /* Build configuration list for PBXProject "DefHacksHackathon" */;
			compatibilityVersion = "Xcode 9.3";
			developmentRegion = en;
			hasScannedForEncodings = 0;
			knownRegions = (
				en,
				Base,
			);
			mainGroup = 598DE67B249D627C00B8ADB8;
			productRefGroup = 598DE685249D627C00B8ADB8 /* Products */;
			projectDirPath = "";
			projectRoot = "";
			targets = (
				598DE683249D627C00B8ADB8 /* DefHacksHackathon */,
			);
		};
/* End PBXProject section */

/* Begin PBXResourcesBuildPhase section */
		598DE682249D627C00B8ADB8 /* Resources */ = {
			isa = PBXResourcesBuildPhase;
			buildActionMask = 2147483647;
			files = (
				59D9442C249EB3FA00E09EF7 /* Hack 2.png in Resources */,
				598DE694249D628200B8ADB8 /* LaunchScreen.storyboard in Resources */,
				59D94428249EAC9C00E09EF7 /* Hackathon.png in Resources */,
				59D9442A249EB37C00E09EF7 /* Hack.png in Resources */,
				598DE691249D628200B8ADB8 /* Assets.xcassets in Resources */,
				598DE68F249D627C00B8ADB8 /* Main.storyboard in Resources */,
			);
			runOnlyForDeploymentPostprocessing = 0;
		};
/* End PBXResourcesBuildPhase section */

/* Begin PBXSourcesBuildPhase section */
		598DE680249D627C00B8ADB8 /* Sources */ = {
			isa = PBXSourcesBuildPhase;
			buildActionMask = 2147483647;
			files = (
				598DE68C249D627C00B8ADB8 /* ViewController.swift in Sources */,
				598DE688249D627C00B8ADB8 /* AppDelegate.swift in Sources */,
				598DE68A249D627C00B8ADB8 /* SceneDelegate.swift in Sources */,
			);
			runOnlyForDeploymentPostprocessing = 0;
		};
/* End PBXSourcesBuildPhase section */

/* Begin PBXVariantGroup section */
		598DE68D249D627C00B8ADB8 /* Main.storyboard */ = {
			isa = PBXVariantGroup;
			children = (
				598DE68E249D627C00B8ADB8 /* Base */,
			);
			name = Main.storyboard;
			sourceTree = "<group>";
		};
		598DE692249D628200B8ADB8 /* LaunchScreen.storyboard */ = {
			isa = PBXVariantGroup;
			children = (
				598DE693249D628200B8ADB8 /* Base */,
			);
			name = LaunchScreen.storyboard;
			sourceTree = "<group>";
		};
/* End PBXVariantGroup section */

/* Begin XCBuildConfiguration section */
		598DE696249D628200B8ADB8 /* Debug */ = {
			isa = XCBuildConfiguration;
			buildSettings = {
				ALWAYS_SEARCH_USER_PATHS = NO;
				CLANG_ANALYZER_NONNULL = YES;
				CLANG_ANALYZER_NUMBER_OBJECT_CONVERSION = YES_AGGRESSIVE;
				CLANG_CXX_LANGUAGE_STANDARD = "gnu++14";
				CLANG_CXX_LIBRARY = "libc++";
				CLANG_ENABLE_MODULES = YES;
				CLANG_ENABLE_OBJC_ARC = YES;
				CLANG_ENABLE_OBJC_WEAK = YES;
				CLANG_WARN_BLOCK_CAPTURE_AUTORELEASING = YES;
				CLANG_WARN_BOOL_CONVERSION = YES;
				CLANG_WARN_COMMA = YES;
				CLANG_WARN_CONSTANT_CONVERSION = YES;
				CLANG_WARN_DEPRECATED_OBJC_IMPLEMENTATIONS = YES;
				CLANG_WARN_DIRECT_OBJC_ISA_USAGE = YES_ERROR;
				CLANG_WARN_DOCUMENTATION_COMMENTS = YES;
				CLANG_WARN_EMPTY_BODY = YES;
				CLANG_WARN_ENUM_CONVERSION = YES;
				CLANG_WARN_INFINITE_RECURSION = YES;
				CLANG_WARN_INT_CONVERSION = YES;
				CLANG_WARN_NON_LITERAL_NULL_CONVERSION = YES;
				CLANG_WARN_OBJC_IMPLICIT_RETAIN_SELF = YES;
				CLANG_WARN_OBJC_LITERAL_CONVERSION = YES;
				CLANG_WARN_OBJC_ROOT_CLASS = YES_ERROR;
				CLANG_WARN_RANGE_LOOP_ANALYSIS = YES;
				CLANG_WARN_STRICT_PROTOTYPES = YES;
				CLANG_WARN_SUSPICIOUS_MOVE = YES;
				CLANG_WARN_UNGUARDED_AVAILABILITY = YES_AGGRESSIVE;
				CLANG_WARN_UNREACHABLE_CODE = YES;
				CLANG_WARN__DUPLICATE_METHOD_MATCH = YES;
				COPY_PHASE_STRIP = NO;
				DEBUG_INFORMATION_FORMAT = dwarf;
				ENABLE_STRICT_OBJC_MSGSEND = YES;
				ENABLE_TESTABILITY = YES;
				GCC_C_LANGUAGE_STANDARD = gnu11;
				GCC_DYNAMIC_NO_PIC = NO;
				GCC_NO_COMMON_BLOCKS = YES;
				GCC_OPTIMIZATION_LEVEL = 0;
				GCC_PREPROCESSOR_DEFINITIONS = (
					"DEBUG=1",
					"$(inherited)",
				);
				GCC_WARN_64_TO_32_BIT_CONVERSION = YES;
				GCC_WARN_ABOUT_RETURN_TYPE = YES_ERROR;
				GCC_WARN_UNDECLARED_SELECTOR = YES;
				GCC_WARN_UNINITIALIZED_AUTOS = YES_AGGRESSIVE;
				GCC_WARN_UNUSED_FUNCTION = YES;
				GCC_WARN_UNUSED_VARIABLE = YES;
				IPHONEOS_DEPLOYMENT_TARGET = 13.5;
				MTL_ENABLE_DEBUG_INFO = INCLUDE_SOURCE;
				MTL_FAST_MATH = YES;
				ONLY_ACTIVE_ARCH = YES;
				SDKROOT = iphoneos;
				SWIFT_ACTIVE_COMPILATION_CONDITIONS = DEBUG;
				SWIFT_OPTIMIZATION_LEVEL = "-Onone";
			};
			name = Debug;
		};
		598DE697249D628200B8ADB8 /* Release */ = {
			isa = XCBuildConfiguration;
			buildSettings = {
				ALWAYS_SEARCH_USER_PATHS = NO;
				CLANG_ANALYZER_NONNULL = YES;
				CLANG_ANALYZER_NUMBER_OBJECT_CONVERSION = YES_AGGRESSIVE;
				CLANG_CXX_LANGUAGE_STANDARD = "gnu++14";
				CLANG_CXX_LIBRARY = "libc++";
				CLANG_ENABLE_MODULES = YES;
				CLANG_ENABLE_OBJC_ARC = YES;
				CLANG_ENABLE_OBJC_WEAK = YES;
				CLANG_WARN_BLOCK_CAPTURE_AUTORELEASING = YES;
				CLANG_WARN_BOOL_CONVERSION = YES;
				CLANG_WARN_COMMA = YES;
				CLANG_WARN_CONSTANT_CONVERSION = YES;
				CLANG_WARN_DEPRECATED_OBJC_IMPLEMENTATIONS = YES;
				CLANG_WARN_DIRECT_OBJC_ISA_USAGE = YES_ERROR;
				CLANG_WARN_DOCUMENTATION_COMMENTS = YES;
				CLANG_WARN_EMPTY_BODY = YES;
				CLANG_WARN_ENUM_CONVERSION = YES;
				CLANG_WARN_INFINITE_RECURSION = YES;
				CLANG_WARN_INT_CONVERSION = YES;
				CLANG_WARN_NON_LITERAL_NULL_CONVERSION = YES;
				CLANG_WARN_OBJC_IMPLICIT_RETAIN_SELF = YES;
				CLANG_WARN_OBJC_LITERAL_CONVERSION = YES;
				CLANG_WARN_OBJC_ROOT_CLASS = YES_ERROR;
				CLANG_WARN_RANGE_LOOP_ANALYSIS = YES;
				CLANG_WARN_STRICT_PROTOTYPES = YES;
				CLANG_WARN_SUSPICIOUS_MOVE = YES;
				CLANG_WARN_UNGUARDED_AVAILABILITY = YES_AGGRESSIVE;
				CLANG_WARN_UNREACHABLE_CODE = YES;
				CLANG_WARN__DUPLICATE_METHOD_MATCH = YES;
				COPY_PHASE_STRIP = NO;
				DEBUG_INFORMATION_FORMAT = "dwarf-with-dsym";
				ENABLE_NS_ASSERTIONS = NO;
				ENABLE_STRICT_OBJC_MSGSEND = YES;
				GCC_C_LANGUAGE_STANDARD = gnu11;
				GCC_NO_COMMON_BLOCKS = YES;
				GCC_WARN_64_TO_32_BIT_CONVERSION = YES;
				GCC_WARN_ABOUT_RETURN_TYPE = YES_ERROR;
				GCC_WARN_UNDECLARED_SELECTOR = YES;
				GCC_WARN_UNINITIALIZED_AUTOS = YES_AGGRESSIVE;
				GCC_WARN_UNUSED_FUNCTION = YES;
				GCC_WARN_UNUSED_VARIABLE = YES;
				IPHONEOS_DEPLOYMENT_TARGET = 13.5;
				MTL_ENABLE_DEBUG_INFO = NO;
				MTL_FAST_MATH = YES;
				SDKROOT = iphoneos;
				SWIFT_COMPILATION_MODE = wholemodule;
				SWIFT_OPTIMIZATION_LEVEL = "-O";
				VALIDATE_PRODUCT = YES;
			};
			name = Release;
		};
		598DE699249D628200B8ADB8 /* Debug */ = {
			isa = XCBuildConfiguration;
			buildSettings = {
				ASSETCATALOG_COMPILER_APPICON_NAME = AppIcon;
				CODE_SIGN_STYLE = Automatic;
				DEVELOPMENT_TEAM = X373225T58;
				INFOPLIST_FILE = DefHacksHackathon/Info.plist;
				LD_RUNPATH_SEARCH_PATHS = (
					"$(inherited)",
					"@executable_path/Frameworks",
				);
				PRODUCT_BUNDLE_IDENTIFIER = com.DefHacksHackathon;
				PRODUCT_NAME = "$(TARGET_NAME)";
				SWIFT_VERSION = 5.0;
				TARGETED_DEVICE_FAMILY = "1,2";
			};
			name = Debug;
		};
		598DE69A249D628200B8ADB8 /* Release */ = {
			isa = XCBuildConfiguration;
			buildSettings = {
				ASSETCATALOG_COMPILER_APPICON_NAME = AppIcon;
				CODE_SIGN_STYLE = Automatic;
				DEVELOPMENT_TEAM = X373225T58;
				INFOPLIST_FILE = DefHacksHackathon/Info.plist;
				LD_RUNPATH_SEARCH_PATHS = (
					"$(inherited)",
					"@executable_path/Frameworks",
				);
				PRODUCT_BUNDLE_IDENTIFIER = com.DefHacksHackathon;
				PRODUCT_NAME = "$(TARGET_NAME)";
				SWIFT_VERSION = 5.0;
				TARGETED_DEVICE_FAMILY = "1,2";
			};
			name = Release;
		};
/* End XCBuildConfiguration section */

/* Begin XCConfigurationList section */
		598DE67F249D627C00B8ADB8 /* Build configuration list for PBXProject "DefHacksHackathon" */ = {
			isa = XCConfigurationList;
			buildConfigurations = (
				598DE696249D628200B8ADB8 /* Debug */,
				598DE697249D628200B8ADB8 /* Release */,
			);
			defaultConfigurationIsVisible = 0;
			defaultConfigurationName = Release;
		};
		598DE698249D628200B8ADB8 /* Build configuration list for PBXNativeTarget "DefHacksHackathon" */ = {
			isa = XCConfigurationList;
			buildConfigurations = (
				598DE699249D628200B8ADB8 /* Debug */,
				598DE69A249D628200B8ADB8 /* Release */,
			);
			defaultConfigurationIsVisible = 0;
			defaultConfigurationName = Release;
		};
/* End XCConfigurationList section */
	};
	rootObject = 598DE67C249D627C00B8ADB8 /* Project object */;
}
